
Microsoft Visual Studio Solution File, Format Version 12.00
# Visual Studio 15
VisualStudioVersion = 15.0.28307.489
MinimumVisualStudioVersion = 10.0.40219.1
Project("{FAE04EC0-301F-11D3-BF4B-00C04F79EFBC}") = "DRHC", "DRHC\DRHC.csproj", "{EADD9D55-0519-48EA-A53F-033FB85B1AEB}"
EndProject
Global
	GlobalSection(SolutionConfigurationPlatforms) = preSolution
		Debug|Any CPU = Debug|Any CPU
		Release|Any CPU = Release|Any CPU
	EndGlobalSection
	GlobalSection(ProjectConfigurationPlatforms) = postSolution
		{EADD9D55-0519-48EA-A53F-033FB85B1AEB}.Debug|Any CPU.ActiveCfg = Debug|Any CPU
		{EADD9D55-0519-48EA-A53F-033FB85B1AEB}.Debug|Any CPU.Build.0 = Debug|Any CPU
		{EADD9D55-0519-48EA-A53F-033FB85B1AEB}.Release|Any CPU.ActiveCfg = Release|Any CPU
		{EADD9D55-0519-48EA-A53F-033FB85B1AEB}.Release|Any CPU.Build.0 = Release|Any CPU
	EndGlobalSection
	GlobalSection(SolutionProperties) = preSolution
		HideSolutionNode = FALSE
	EndGlobalSection
	GlobalSection(ExtensibilityGlobals) = postSolution
		SolutionGuid = {EF7A00BE-F84A-4053-8E5A-96BB0F05B458}
	EndGlobalSection
EndGlobal
